
Microsoft Visual Studio Solution File, Format Version 12.00
# Visual Studio 15
VisualStudioVersion = 15.0.27428.2002
MinimumVisualStudioVersion = 10.0.40219.1
Project("{FAE04EC0-301F-11D3-BF4B-00C04F79EFBC}") = "The ABISS - A Bus Identity Scanner System", "The ABISS - A Bus Identity Scanner System\The ABISS - A Bus Identity Scanner System.csproj", "{D50AE7E0-DFF7-4BA8-85A1-A6856AA14F65}"
EndProject
Global
	GlobalSection(SolutionConfigurationPlatforms) = preSolution
		Debug|ARM = Debug|ARM
		Debug|x64 = Debug|x64
		Debug|x86 = Debug|x86
		Release|ARM = Release|ARM
		Release|x64 = Release|x64
		Release|x86 = Release|x86
	EndGlobalSection
	GlobalSection(ProjectConfigurationPlatforms) = postSolution
		{D50AE7E0-DFF7-4BA8-85A1-A6856AA14F65}.Debug|ARM.ActiveCfg = Debug|ARM
		{D50AE7E0-DFF7-4BA8-85A1-A6856AA14F65}.Debug|ARM.Build.0 = Debug|ARM
		{D50AE7E0-DFF7-4BA8-85A1-A6856AA14F65}.Debug|ARM.Deploy.0 = Debug|ARM
		{D50AE7E0-DFF7-4BA8-85A1-A6856AA14F65}.Debug|x64.ActiveCfg = Debug|x64
		{D50AE7E0-DFF7-4BA8-85A1-A6856AA14F65}.Debug|x64.Build.0 = Debug|x64
		{D50AE7E0-DFF7-4BA8-85A1-A6856AA14F65}.Debug|x64.Deploy.0 = Debug|x64
		{D50AE7E0-DFF7-4BA8-85A1-A6856AA14F65}.Debug|x86.ActiveCfg = Debug|x86
		{D50AE7E0-DFF7-4BA8-85A1-A6856AA14F65}.Debug|x86.Build.0 = Debug|x86
		{D50AE7E0-DFF7-4BA8-85A1-A6856AA14F65}.Debug|x86.Deploy.0 = Debug|x86
		{D50AE7E0-DFF7-4BA8-85A1-A6856AA14F65}.Release|ARM.ActiveCfg = Release|ARM
		{D50AE7E0-DFF7-4BA8-85A1-A6856AA14F65}.Release|ARM.Build.0 = Release|ARM
		{D50AE7E0-DFF7-4BA8-85A1-A6856AA14F65}.Release|ARM.Deploy.0 = Release|ARM
		{D50AE7E0-DFF7-4BA8-85A1-A6856AA14F65}.Release|x64.ActiveCfg = Release|x64
		{D50AE7E0-DFF7-4BA8-85A1-A6856AA14F65}.Release|x64.Build.0 = Release|x64
		{D50AE7E0-DFF7-4BA8-85A1-A6856AA14F65}.Release|x64.Deploy.0 = Release|x64
		{D50AE7E0-DFF7-4BA8-85A1-A6856AA14F65}.Release|x86.ActiveCfg = Release|x86
		{D50AE7E0-DFF7-4BA8-85A1-A6856AA14F65}.Release|x86.Build.0 = Release|x86
		{D50AE7E0-DFF7-4BA8-85A1-A6856AA14F65}.Release|x86.Deploy.0 = Release|x86
	EndGlobalSection
	GlobalSection(SolutionProperties) = preSolution
		HideSolutionNode = FALSE
	EndGlobalSection
	GlobalSection(ExtensibilityGlobals) = postSolution
		SolutionGuid = {D12B6605-54CD-49A9-BD5C-8629EDED7F89}
	EndGlobalSection
EndGlobal
